
Microsoft Visual Studio Solution File, Format Version 12.00
# Visual Studio Version 16
VisualStudioVersion = 16.0.31205.134
MinimumVisualStudioVersion = 10.0.40219.1
Project("{FAE04EC0-301F-11D3-BF4B-00C04F79EFBC}") = "Printer", "Printer\Printer.csproj", "{0CB1F3D8-D854-4A43-8078-2D50A37AA14C}"
EndProject
Global
	GlobalSection(SolutionConfigurationPlatforms) = preSolution
		Debug|Any CPU = Debug|Any CPU
		Release|Any CPU = Release|Any CPU
	EndGlobalSection
	GlobalSection(ProjectConfigurationPlatforms) = postSolution
		{0CB1F3D8-D854-4A43-8078-2D50A37AA14C}.Debug|Any CPU.ActiveCfg = Debug|Any CPU
		{0CB1F3D8-D854-4A43-8078-2D50A37AA14C}.Debug|Any CPU.Build.0 = Debug|Any CPU
		{0CB1F3D8-D854-4A43-8078-2D50A37AA14C}.Release|Any CPU.ActiveCfg = Release|Any CPU
		{0CB1F3D8-D854-4A43-8078-2D50A37AA14C}.Release|Any CPU.Build.0 = Release|Any CPU
	EndGlobalSection
	GlobalSection(SolutionProperties) = preSolution
		HideSolutionNode = FALSE
	EndGlobalSection
	GlobalSection(ExtensibilityGlobals) = postSolution
		SolutionGuid = {6B514C95-FFBC-4C43-86EC-EE51B88ADF56}
	EndGlobalSection
EndGlobal
